
Microsoft Visual Studio Solution File, Format Version 12.00
# Visual Studio Version 16
VisualStudioVersion = 16.0.810.2
MinimumVisualStudioVersion = 10.0.40219.1
Project("{FAE04EC0-301F-11D3-BF4B-00C04F79EFBC}") = "PrintDiamond", "PrintDiamond\PrintDiamond.csproj", "{B2CA7D4D-245F-485E-BD20-F60F31C39408}"
EndProject
Project("{FAE04EC0-301F-11D3-BF4B-00C04F79EFBC}") = "PrintDiamond.UnitTests", "PrintDiamond.UnitTests\PrintDiamond.UnitTests.csproj", "{D204E6B5-793F-4A21-8D58-CE53879C42F1}"
EndProject
Global
	GlobalSection(SolutionConfigurationPlatforms) = preSolution
		Debug|Any CPU = Debug|Any CPU
		Release|Any CPU = Release|Any CPU
	EndGlobalSection
	GlobalSection(ProjectConfigurationPlatforms) = postSolution
		{B2CA7D4D-245F-485E-BD20-F60F31C39408}.Debug|Any CPU.ActiveCfg = Debug|Any CPU
		{B2CA7D4D-245F-485E-BD20-F60F31C39408}.Debug|Any CPU.Build.0 = Debug|Any CPU
		{B2CA7D4D-245F-485E-BD20-F60F31C39408}.Release|Any CPU.ActiveCfg = Release|Any CPU
		{B2CA7D4D-245F-485E-BD20-F60F31C39408}.Release|Any CPU.Build.0 = Release|Any CPU
		{D204E6B5-793F-4A21-8D58-CE53879C42F1}.Debug|Any CPU.ActiveCfg = Debug|Any CPU
		{D204E6B5-793F-4A21-8D58-CE53879C42F1}.Debug|Any CPU.Build.0 = Debug|Any CPU
		{D204E6B5-793F-4A21-8D58-CE53879C42F1}.Release|Any CPU.ActiveCfg = Release|Any CPU
		{D204E6B5-793F-4A21-8D58-CE53879C42F1}.Release|Any CPU.Build.0 = Release|Any CPU
	EndGlobalSection
	GlobalSection(SolutionProperties) = preSolution
		HideSolutionNode = FALSE
	EndGlobalSection
	GlobalSection(ExtensibilityGlobals) = postSolution
		SolutionGuid = {E1C7E785-0D5B-4DFB-8D6E-4F7B9852417C}
	EndGlobalSection
EndGlobal
